
Microsoft Visual Studio Solution File, Format Version 12.00
# Visual Studio Version 16
VisualStudioVersion = 16.0.30717.126
MinimumVisualStudioVersion = 10.0.40219.1
Project("{FAE04EC0-301F-11D3-BF4B-00C04F79EFBC}") = "MedicalQueue_Gonzalez", "MedicalQueue_Gonzalez\MedicalQueue_Gonzalez.csproj", "{FA5ED382-427A-4523-B8F2-203E185800E1}"
EndProject
Global
	GlobalSection(SolutionConfigurationPlatforms) = preSolution
		Debug|Any CPU = Debug|Any CPU
		Release|Any CPU = Release|Any CPU
	EndGlobalSection
	GlobalSection(ProjectConfigurationPlatforms) = postSolution
		{FA5ED382-427A-4523-B8F2-203E185800E1}.Debug|Any CPU.ActiveCfg = Debug|Any CPU
		{FA5ED382-427A-4523-B8F2-203E185800E1}.Debug|Any CPU.Build.0 = Debug|Any CPU
		{FA5ED382-427A-4523-B8F2-203E185800E1}.Release|Any CPU.ActiveCfg = Release|Any CPU
		{FA5ED382-427A-4523-B8F2-203E185800E1}.Release|Any CPU.Build.0 = Release|Any CPU
	EndGlobalSection
	GlobalSection(SolutionProperties) = preSolution
		HideSolutionNode = FALSE
	EndGlobalSection
	GlobalSection(ExtensibilityGlobals) = postSolution
		SolutionGuid = {331537B7-3723-4670-96CC-901F01D73974}
	EndGlobalSection
EndGlobal
